PODS:
  - Alamofire (3.4.0)
  - Crashlytics (3.7.0):
    - Fabric (~> 1.6.3)
  - Fabric (1.6.7)
  - IQKeyboardManagerSwift (4.0.3)
  - Kingfisher (2.4.1)
  - Mobile-Buy-SDK (1.2.6)
  - pop (1.0.9)
  - RNActivityView (0.0.6)
  - SwiftyJSON (2.3.2)

DEPENDENCIES:
  - Alamofire
  - Crashlytics
  - Fabric
  - IQKeyboardManagerSwift
  - Kingfisher (~> 2.1)
  - Mobile-Buy-SDK
  - pop (~> 1.0)
  - RNActivityView
  - SwiftyJSON

SPEC CHECKSUMS:
  Alamofire: c19a627cefd6a95f840401c49ab1f124e07f54ee
  Crashlytics: c3a2333dea9e2733d2777f730910321fc9e25c0d
  Fabric: caf7580c725e64db144f610ac65cd60956911dc7
  IQKeyboardManagerSwift: b6883b720b0e76473692fdc80828442566e1075f
  Kingfisher: 41aed5b6c1ed8fa98cf6d75283ce89cf7890f517
  Mobile-Buy-SDK: bd8ea554e683ef47c8a0d5b4e7b36e93e0875c8c
  pop: f667631a5108a2e60d9e8797c9b32ddaf2080bce
  RNActivityView: 889126dc047fc6fa10aac88a13ebff677c53bf82
  SwiftyJSON: 04ccea08915aa0109039157c7974cf0298da292a

PODFILE CHECKSUM: 8ffd85149ed28fdcdfb2662fec7193f29eb4edf2

COCOAPODS: 1.0.0
