// !$*UTF8*$!
{
	archiveVersion = 1;
	classes = {
	};
	objectVersion = 46;
	objects = {

/* Begin PBXBuildFile section */
		BBD513471CF03CFD0096CB65 /* AppDelegate.swift in Sources */ = {isa = PBXBuildFile; fileRef = BBD513461CF03CFD0096CB65 /* AppDelegate.swift */; };
		BBD513491CF03CFD0096CB65 /* ViewController.swift in Sources */ = {isa = PBXBuildFile; fileRef = BBD513481CF03CFD0096CB65 /* ViewController.swift */; };
		BBD5134C1CF03CFD0096CB65 /* Main.storyboard in Resources */ = {isa = PBXBuildFile; fileRef = BBD5134A1CF03CFD0096CB65 /* Main.storyboard */; };
		BBD5134F1CF03CFD0096CB65 /* imagefy.xcdatamodeld in Sources */ = {isa = PBXBuildFile; fileRef = BBD5134D1CF03CFD0096CB65 /* imagefy.xcdatamodeld */; };
		BBD513511CF03CFD0096CB65 /* Assets.xcassets in Resources */ = {isa = PBXBuildFile; fileRef = BBD513501CF03CFD0096CB65 /* Assets.xcassets */; };
		BBD513541CF03CFD0096CB65 /* LaunchScreen.storyboard in Resources */ = {isa = PBXBuildFile; fileRef = BBD513521CF03CFD0096CB65 /* LaunchScreen.storyboard */; };
		BBD5135F1CF03CFD0096CB65 /* imagefyTests.swift in Sources */ = {isa = PBXBuildFile; fileRef = BBD5135E1CF03CFD0096CB65 /* imagefyTests.swift */; };
		BBD5136A1CF03CFD0096CB65 /* imagefyUITests.swift in Sources */ = {isa = PBXBuildFile; fileRef = BBD513691CF03CFD0096CB65 /* imagefyUITests.swift */; };
/* End PBXBuildFile section */

/* Begin PBXContainerItemProxy section */
		BBD5135B1CF03CFD0096CB65 /* PBXContainerItemProxy */ = {
			isa = PBXContainerItemProxy;
			containerPortal = BBD5133B1CF03CF90096CB65 /* Project object */;
			proxyType = 1;
			remoteGlobalIDString = BBD513421CF03CF90096CB65;
			remoteInfo = imagefy;
		};
		BBD513661CF03CFD0096CB65 /* PBXContainerItemProxy */ = {
			isa = PBXContainerItemProxy;
			containerPortal = BBD5133B1CF03CF90096CB65 /* Project object */;
			proxyType = 1;
			remoteGlobalIDString = BBD513421CF03CF90096CB65;
			remoteInfo = imagefy;
		};
/* End PBXContainerItemProxy section */

/* Begin PBXFileReference section */
		BBD513431CF03CF90096CB65 /* imagefy.app */ = {isa = PBXFileReference; explicitFileType = wrapper.application; includeInIndex = 0; path = imagefy.app; sourceTree = BUILT_PRODUCTS_DIR; };
		BBD513461CF03CFD0096CB65 /* AppDelegate.swift */ = {isa = PBXFileReference; lastKnownFileType = sourcecode.swift; path = AppDelegate.swift; sourceTree = "<group>"; };
		BBD513481CF03CFD0096CB65 /* ViewController.swift */ = {isa = PBXFileReference; lastKnownFileType = sourcecode.swift; path = ViewController.swift; sourceTree = "<group>"; };
		BBD5134B1CF03CFD0096CB65 /* Base */ = {isa = PBXFileReference; lastKnownFileType = file.storyboard; name = Base; path = Base.lproj/Main.storyboard; sourceTree = "<group>"; };
		BBD5134E1CF03CFD0096CB65 /* imagefy.xcdatamodel */ = {isa = PBXFileReference; lastKnownFileType = wrapper.xcdatamodel; path = imagefy.xcdatamodel; sourceTree = "<group>"; };
		BBD513501CF03CFD0096CB65 /* Assets.xcassets */ = {isa = PBXFileReference; lastKnownFileType = folder.assetcatalog; name = Assets.xcassets; path = ../Assets.xcassets; sourceTree = "<group>"; };
		BBD513531CF03CFD0096CB65 /* Base */ = {isa = PBXFileReference; lastKnownFileType = file.storyboard; name = Base; path = Base.lproj/LaunchScreen.storyboard; sourceTree = "<group>"; };
		BBD513551CF03CFD0096CB65 /* Info.plist */ = {isa = PBXFileReference; lastKnownFileType = text.plist.xml; name = Info.plist; path = ../Info.plist; sourceTree = "<group>"; };
		BBD5135A1CF03CFD0096CB65 /* imagefyTests.xctest */ = {isa = PBXFileReference; explicitFileType = wrapper.cfbundle; includeInIndex = 0; path = imagefyTests.xctest; sourceTree = BUILT_PRODUCTS_DIR; };
		BBD5135E1CF03CFD0096CB65 /* imagefyTests.swift */ = {isa = PBXFileReference; lastKnownFileType = sourcecode.swift; path = imagefyTests.swift; sourceTree = "<group>"; };
		BBD513601CF03CFD0096CB65 /* Info.plist */ = {isa = PBXFileReference; lastKnownFileType = text.plist.xml; path = Info.plist; sourceTree = "<group>"; };
		BBD513651CF03CFD0096CB65 /* imagefyUITests.xctest */ = {isa = PBXFileReference; explicitFileType = wrapper.cfbundle; includeInIndex = 0; path = imagefyUITests.xctest; sourceTree = BUILT_PRODUCTS_DIR; };
		BBD513691CF03CFD0096CB65 /* imagefyUITests.swift */ = {isa = PBXFileReference; lastKnownFileType = sourcecode.swift; path = imagefyUITests.swift; sourceTree = "<group>"; };
		BBD5136B1CF03CFD0096CB65 /* Info.plist */ = {isa = PBXFileReference; lastKnownFileType = text.plist.xml; path = Info.plist; sourceTree = "<group>"; };
/* End PBXFileReference section */

/* Begin PBXFrameworksBuildPhase section */
		BBD513401CF03CF90096CB65 /* Frameworks */ = {
			isa = PBXFrameworksBuildPhase;
			buildActionMask = 2147483647;
			files = (
			);
			runOnlyForDeploymentPostprocessing = 0;
		};
		BBD513571CF03CFD0096CB65 /* Frameworks */ = {
			isa = PBXFrameworksBuildPhase;
			buildActionMask = 2147483647;
			files = (
			);
			runOnlyForDeploymentPostprocessing = 0;
		};
		BBD513621CF03CFD0096CB65 /* Frameworks */ = {
			isa = PBXFrameworksBuildPhase;
			buildActionMask = 2147483647;
			files = (
			);
			runOnlyForDeploymentPostprocessing = 0;
		};
/* End PBXFrameworksBuildPhase section */

/* Begin PBXGroup section */
		BBD5133A1CF03CF90096CB65 = {
			isa = PBXGroup;
			children = (
				BBD513451CF03CFD0096CB65 /* imagefy */,
				BBD5135D1CF03CFD0096CB65 /* imagefyTests */,
				BBD513681CF03CFD0096CB65 /* imagefyUITests */,
				BBD513441CF03CF90096CB65 /* Products */,
			);
			sourceTree = "<group>";
		};
		BBD513441CF03CF90096CB65 /* Products */ = {
			isa = PBXGroup;
			children = (
				BBD513431CF03CF90096CB65 /* imagefy.app */,
				BBD5135A1CF03CFD0096CB65 /* imagefyTests.xctest */,
				BBD513651CF03CFD0096CB65 /* imagefyUITests.xctest */,
			);
			name = Products;
			sourceTree = "<group>";
		};
		BBD513451CF03CFD0096CB65 /* imagefy */ = {
			isa = PBXGroup;
			children = (
				BBD513771CF03D180096CB65 /* Supporting Files */,
				BBD513461CF03CFD0096CB65 /* AppDelegate.swift */,
				BBD513481CF03CFD0096CB65 /* ViewController.swift */,
			);
			path = imagefy;
			sourceTree = "<group>";
		};
		BBD5135D1CF03CFD0096CB65 /* imagefyTests */ = {
			isa = PBXGroup;
			children = (
				BBD5135E1CF03CFD0096CB65 /* imagefyTests.swift */,
				BBD513601CF03CFD0096CB65 /* Info.plist */,
			);
			path = imagefyTests;
			sourceTree = "<group>";
		};
		BBD513681CF03CFD0096CB65 /* imagefyUITests */ = {
			isa = PBXGroup;
			children = (
				BBD513691CF03CFD0096CB65 /* imagefyUITests.swift */,
				BBD5136B1CF03CFD0096CB65 /* Info.plist */,
			);
			path = imagefyUITests;
			sourceTree = "<group>";
		};
		BBD513771CF03D180096CB65 /* Supporting Files */ = {
			isa = PBXGroup;
			children = (
				BBD5134A1CF03CFD0096CB65 /* Main.storyboard */,
				BBD513501CF03CFD0096CB65 /* Assets.xcassets */,
				BBD513521CF03CFD0096CB65 /* LaunchScreen.storyboard */,
				BBD513551CF03CFD0096CB65 /* Info.plist */,
				BBD5134D1CF03CFD0096CB65 /* imagefy.xcdatamodeld */,
			);
			path = "Supporting Files";
			sourceTree = "<group>";
		};
/* End PBXGroup section */

/* Begin PBXNativeTarget section */
		BBD513421CF03CF90096CB65 /* imagefy */ = {
			isa = PBXNativeTarget;
			buildConfigurationList = BBD5136E1CF03CFD0096CB65 /* Build configuration list for PBXNativeTarget "imagefy" */;
			buildPhases = (
				BBD5133F1CF03CF90096CB65 /* Sources */,
				BBD513401CF03CF90096CB65 /* Frameworks */,
				BBD513411CF03CF90096CB65 /* Resources */,
			);
			buildRules = (
			);
			dependencies = (
			);
			name = imagefy;
			productName = imagefy;
			productReference = BBD513431CF03CF90096CB65 /* imagefy.app */;
			productType = "com.apple.product-type.application";
		};
		BBD513591CF03CFD0096CB65 /* imagefyTests */ = {
			isa = PBXNativeTarget;
			buildConfigurationList = BBD513711CF03CFD0096CB65 /* Build configuration list for PBXNativeTarget "imagefyTests" */;
			buildPhases = (
				BBD513561CF03CFD0096CB65 /* Sources */,
				BBD513571CF03CFD0096CB65 /* Frameworks */,
				BBD513581CF03CFD0096CB65 /* Resources */,
			);
			buildRules = (
			);
			dependencies = (
				BBD5135C1CF03CFD0096CB65 /* PBXTargetDependency */,
			);
			name = imagefyTests;
			productName = imagefyTests;
			productReference = BBD5135A1CF03CFD0096CB65 /* imagefyTests.xctest */;
			productType = "com.apple.product-type.bundle.unit-test";
		};
		BBD513641CF03CFD0096CB65 /* imagefyUITests */ = {
			isa = PBXNativeTarget;
			buildConfigurationList = BBD513741CF03CFD0096CB65 /* Build configuration list for PBXNativeTarget "imagefyUITests" */;
			buildPhases = (
				BBD513611CF03CFD0096CB65 /* Sources */,
				BBD513621CF03CFD0096CB65 /* Frameworks */,
				BBD513631CF03CFD0096CB65 /* Resources */,
			);
			buildRules = (
			);
			dependencies = (
				BBD513671CF03CFD0096CB65 /* PBXTargetDependency */,
			);
			name = imagefyUITests;
			productName = imagefyUITests;
			productReference = BBD513651CF03CFD0096CB65 /* imagefyUITests.xctest */;
			productType = "com.apple.product-type.bundle.ui-testing";
		};
/* End PBXNativeTarget section */

/* Begin PBXProject section */
		BBD5133B1CF03CF90096CB65 /* Project object */ = {
			isa = PBXProject;
			attributes = {
				LastSwiftUpdateCheck = 0730;
				LastUpgradeCheck = 0730;
				ORGANIZATIONNAME = "Alan M. Lira";
				TargetAttributes = {
					BBD513421CF03CF90096CB65 = {
						CreatedOnToolsVersion = 7.3.1;
					};
					BBD513591CF03CFD0096CB65 = {
						CreatedOnToolsVersion = 7.3.1;
						TestTargetID = BBD513421CF03CF90096CB65;
					};
					BBD513641CF03CFD0096CB65 = {
						CreatedOnToolsVersion = 7.3.1;
						TestTargetID = BBD513421CF03CF90096CB65;
					};
				};
			};
			buildConfigurationList = BBD5133E1CF03CF90096CB65 /* Build configuration list for PBXProject "imagefy" */;
			compatibilityVersion = "Xcode 3.2";
			developmentRegion = English;
			hasScannedForEncodings = 0;
			knownRegions = (
				en,
				Base,
			);
			mainGroup = BBD5133A1CF03CF90096CB65;
			productRefGroup = BBD513441CF03CF90096CB65 /* Products */;
			projectDirPath = "";
			projectRoot = "";
			targets = (
				BBD513421CF03CF90096CB65 /* imagefy */,
				BBD513591CF03CFD0096CB65 /* imagefyTests */,
				BBD513641CF03CFD0096CB65 /* imagefyUITests */,
			);
		};
/* End PBXProject section */

/* Begin PBXResourcesBuildPhase section */
		BBD513411CF03CF90096CB65 /* Resources */ = {
			isa = PBXResourcesBuildPhase;
			buildActionMask = 2147483647;
			files = (
				BBD513541CF03CFD0096CB65 /* LaunchScreen.storyboard in Resources */,
				BBD513511CF03CFD0096CB65 /* Assets.xcassets in Resources */,
				BBD5134C1CF03CFD0096CB65 /* Main.storyboard in Resources */,
			);
			runOnlyForDeploymentPostprocessing = 0;
		};
		BBD513581CF03CFD0096CB65 /* Resources */ = {
			isa = PBXResourcesBuildPhase;
			buildActionMask = 2147483647;
			files = (
			);
			runOnlyForDeploymentPostprocessing = 0;
		};
		BBD513631CF03CFD0096CB65 /* Resources */ = {
			isa = PBXResourcesBuildPhase;
			buildActionMask = 2147483647;
			files = (
			);
			runOnlyForDeploymentPostprocessing = 0;
		};
/* End PBXResourcesBuildPhase section */

/* Begin PBXSourcesBuildPhase section */
		BBD5133F1CF03CF90096CB65 /* Sources */ = {
			isa = PBXSourcesBuildPhase;
			buildActionMask = 2147483647;
			files = (
				BBD5134F1CF03CFD0096CB65 /* imagefy.xcdatamodeld in Sources */,
				BBD513491CF03CFD0096CB65 /* ViewController.swift in Sources */,
				BBD513471CF03CFD0096CB65 /* AppDelegate.swift in Sources */,
			);
			runOnlyForDeploymentPostprocessing = 0;
		};
		BBD513561CF03CFD0096CB65 /* Sources */ = {
			isa = PBXSourcesBuildPhase;
			buildActionMask = 2147483647;
			files = (
				BBD5135F1CF03CFD0096CB65 /* imagefyTests.swift in Sources */,
			);
			runOnlyForDeploymentPostprocessing = 0;
		};
		BBD513611CF03CFD0096CB65 /* Sources */ = {
			isa = PBXSourcesBuildPhase;
			buildActionMask = 2147483647;
			files = (
				BBD5136A1CF03CFD0096CB65 /* imagefyUITests.swift in Sources */,
			);
			runOnlyForDeploymentPostprocessing = 0;
		};
/* End PBXSourcesBuildPhase section */

/* Begin PBXTargetDependency section */
		BBD5135C1CF03CFD0096CB65 /* PBXTargetDependency */ = {
			isa = PBXTargetDependency;
			target = BBD513421CF03CF90096CB65 /* imagefy */;
			targetProxy = BBD5135B1CF03CFD0096CB65 /* PBXContainerItemProxy */;
		};
		BBD513671CF03CFD0096CB65 /* PBXTargetDependency */ = {
			isa = PBXTargetDependency;
			target = BBD513421CF03CF90096CB65 /* imagefy */;
			targetProxy = BBD513661CF03CFD0096CB65 /* PBXContainerItemProxy */;
		};
/* End PBXTargetDependency section */

/* Begin PBXVariantGroup section */
		BBD5134A1CF03CFD0096CB65 /* Main.storyboard */ = {
			isa = PBXVariantGroup;
			children = (
				BBD5134B1CF03CFD0096CB65 /* Base */,
			);
			name = Main.storyboard;
			path = ..;
			sourceTree = "<group>";
		};
		BBD513521CF03CFD0096CB65 /* LaunchScreen.storyboard */ = {
			isa = PBXVariantGroup;
			children = (
				BBD513531CF03CFD0096CB65 /* Base */,
			);
			name = LaunchScreen.storyboard;
			path = ..;
			sourceTree = "<group>";
		};
/* End PBXVariantGroup section */

/* Begin XCBuildConfiguration section */
		BBD5136C1CF03CFD0096CB65 /* Debug */ = {
			isa = XCBuildConfiguration;
			buildSettings = {
				ALWAYS_SEARCH_USER_PATHS = NO;
				CLANG_ANALYZER_NONNULL = YES;
				CLANG_CXX_LANGUAGE_STANDARD = "gnu++0x";
				CLANG_CXX_LIBRARY = "libc++";
				CLANG_ENABLE_MODULES = YES;
				CLANG_ENABLE_OBJC_ARC = YES;
				CLANG_WARN_BOOL_CONVERSION = YES;
				CLANG_WARN_CONSTANT_CONVERSION = YES;
				CLANG_WARN_DIRECT_OBJC_ISA_USAGE = YES_ERROR;
				CLANG_WARN_EMPTY_BODY = YES;
				CLANG_WARN_ENUM_CONVERSION = YES;
				CLANG_WARN_INT_CONVERSION = YES;
				CLANG_WARN_OBJC_ROOT_CLASS = YES_ERROR;
				CLANG_WARN_UNREACHABLE_CODE = YES;
				CLANG_WARN__DUPLICATE_METHOD_MATCH = YES;
				"CODE_SIGN_IDENTITY[sdk=iphoneos*]" = "iPhone Developer";
				COPY_PHASE_STRIP = NO;
				DEBUG_INFORMATION_FORMAT = dwarf;
				ENABLE_STRICT_OBJC_MSGSEND = YES;
				ENABLE_TESTABILITY = YES;
				GCC_C_LANGUAGE_STANDARD = gnu99;
				GCC_DYNAMIC_NO_PIC = NO;
				GCC_NO_COMMON_BLOCKS = YES;
				GCC_OPTIMIZATION_LEVEL = 0;
				GCC_PREPROCESSOR_DEFINITIONS = (
					"DEBUG=1",
					"$(inherited)",
				);
				GCC_WARN_64_TO_32_BIT_CONVERSION = YES;
				GCC_WARN_ABOUT_RETURN_TYPE = YES_ERROR;
				GCC_WARN_UNDECLARED_SELECTOR = YES;
				GCC_WARN_UNINITIALIZED_AUTOS = YES_AGGRESSIVE;
				GCC_WARN_UNUSED_FUNCTION = YES;
				GCC_WARN_UNUSED_VARIABLE = YES;
				IPHONEOS_DEPLOYMENT_TARGET = 9.3;
				MTL_ENABLE_DEBUG_INFO = YES;
				ONLY_ACTIVE_ARCH = YES;
				SDKROOT = iphoneos;
				SWIFT_OPTIMIZATION_LEVEL = "-Onone";
			};
			name = Debug;
		};
		BBD5136D1CF03CFD0096CB65 /* Release */ = {
			isa = XCBuildConfiguration;
			buildSettings = {
				ALWAYS_SEARCH_USER_PATHS = NO;
				CLANG_ANALYZER_NONNULL = YES;
				CLANG_CXX_LANGUAGE_STANDARD = "gnu++0x";
				CLANG_CXX_LIBRARY = "libc++";
				CLANG_ENABLE_MODULES = YES;
				CLANG_ENABLE_OBJC_ARC = YES;
				CLANG_WARN_BOOL_CONVERSION = YES;
				CLANG_WARN_CONSTANT_CONVERSION = YES;
				CLANG_WARN_DIRECT_OBJC_ISA_USAGE = YES_ERROR;
				CLANG_WARN_EMPTY_BODY = YES;
				CLANG_WARN_ENUM_CONVERSION = YES;
				CLANG_WARN_INT_CONVERSION = YES;
				CLANG_WARN_OBJC_ROOT_CLASS = YES_ERROR;
				CLANG_WARN_UNREACHABLE_CODE = YES;
				CLANG_WARN__DUPLICATE_METHOD_MATCH = YES;
				"CODE_SIGN_IDENTITY[sdk=iphoneos*]" = "iPhone Developer";
				COPY_PHASE_STRIP = NO;
				DEBUG_INFORMATION_FORMAT = "dwarf-with-dsym";
				ENABLE_NS_ASSERTIONS = NO;
				ENABLE_STRICT_OBJC_MSGSEND = YES;
				GCC_C_LANGUAGE_STANDARD = gnu99;
				GCC_NO_COMMON_BLOCKS = YES;
				GCC_WARN_64_TO_32_BIT_CONVERSION = YES;
				GCC_WARN_ABOUT_RETURN_TYPE = YES_ERROR;
				GCC_WARN_UNDECLARED_SELECTOR = YES;
				GCC_WARN_UNINITIALIZED_AUTOS = YES_AGGRESSIVE;
				GCC_WARN_UNUSED_FUNCTION = YES;
				GCC_WARN_UNUSED_VARIABLE = YES;
				IPHONEOS_DEPLOYMENT_TARGET = 9.3;
				MTL_ENABLE_DEBUG_INFO = NO;
				SDKROOT = iphoneos;
				VALIDATE_PRODUCT = YES;
			};
			name = Release;
		};
		BBD5136F1CF03CFD0096CB65 /* Debug */ = {
			isa = XCBuildConfiguration;
			buildSettings = {
				ASSETCATALOG_COMPILER_APPICON_NAME = AppIcon;
				INFOPLIST_FILE = imagefy/Info.plist;
				LD_RUNPATH_SEARCH_PATHS = "$(inherited) @executable_path/Frameworks";
				PRODUCT_BUNDLE_IDENTIFIER = com.vanhackathon.imagefy;
				PRODUCT_NAME = "$(TARGET_NAME)";
			};
			name = Debug;
		};
		BBD513701CF03CFD0096CB65 /* Release */ = {
			isa = XCBuildConfiguration;
			buildSettings = {
				ASSETCATALOG_COMPILER_APPICON_NAME = AppIcon;
				INFOPLIST_FILE = imagefy/Info.plist;
				LD_RUNPATH_SEARCH_PATHS = "$(inherited) @executable_path/Frameworks";
				PRODUCT_BUNDLE_IDENTIFIER = com.vanhackathon.imagefy;
				PRODUCT_NAME = "$(TARGET_NAME)";
			};
			name = Release;
		};
		BBD513721CF03CFD0096CB65 /* Debug */ = {
			isa = XCBuildConfiguration;
			buildSettings = {
				BUNDLE_LOADER = "$(TEST_HOST)";
				INFOPLIST_FILE = imagefyTests/Info.plist;
				LD_RUNPATH_SEARCH_PATHS = "$(inherited) @executable_path/Frameworks @loader_path/Frameworks";
				PRODUCT_BUNDLE_IDENTIFIER = com.vanhackathon.imagefyTests;
				PRODUCT_NAME = "$(TARGET_NAME)";
				TEST_HOST = "$(BUILT_PRODUCTS_DIR)/imagefy.app/imagefy";
			};
			name = Debug;
		};
		BBD513731CF03CFD0096CB65 /* Release */ = {
			isa = XCBuildConfiguration;
			buildSettings = {
				BUNDLE_LOADER = "$(TEST_HOST)";
				INFOPLIST_FILE = imagefyTests/Info.plist;
				LD_RUNPATH_SEARCH_PATHS = "$(inherited) @executable_path/Frameworks @loader_path/Frameworks";
				PRODUCT_BUNDLE_IDENTIFIER = com.vanhackathon.imagefyTests;
				PRODUCT_NAME = "$(TARGET_NAME)";
				TEST_HOST = "$(BUILT_PRODUCTS_DIR)/imagefy.app/imagefy";
			};
			name = Release;
		};
		BBD513751CF03CFD0096CB65 /* Debug */ = {
			isa = XCBuildConfiguration;
			buildSettings = {
				INFOPLIST_FILE = imagefyUITests/Info.plist;
				LD_RUNPATH_SEARCH_PATHS = "$(inherited) @executable_path/Frameworks @loader_path/Frameworks";
				PRODUCT_BUNDLE_IDENTIFIER = com.vanhackathon.imagefyUITests;
				PRODUCT_NAME = "$(TARGET_NAME)";
				TEST_TARGET_NAME = imagefy;
			};
			name = Debug;
		};
		BBD513761CF03CFD0096CB65 /* Release */ = {
			isa = XCBuildConfiguration;
			buildSettings = {
				INFOPLIST_FILE = imagefyUITests/Info.plist;
				LD_RUNPATH_SEARCH_PATHS = "$(inherited) @executable_path/Frameworks @loader_path/Frameworks";
				PRODUCT_BUNDLE_IDENTIFIER = com.vanhackathon.imagefyUITests;
				PRODUCT_NAME = "$(TARGET_NAME)";
				TEST_TARGET_NAME = imagefy;
			};
			name = Release;
		};
/* End XCBuildConfiguration section */

/* Begin XCConfigurationList section */
		BBD5133E1CF03CF90096CB65 /* Build configuration list for PBXProject "imagefy" */ = {
			isa = XCConfigurationList;
			buildConfigurations = (
				BBD5136C1CF03CFD0096CB65 /* Debug */,
				BBD5136D1CF03CFD0096CB65 /* Release */,
			);
			defaultConfigurationIsVisible = 0;
			defaultConfigurationName = Release;
		};
		BBD5136E1CF03CFD0096CB65 /* Build configuration list for PBXNativeTarget "imagefy" */ = {
			isa = XCConfigurationList;
			buildConfigurations = (
				BBD5136F1CF03CFD0096CB65 /* Debug */,
				BBD513701CF03CFD0096CB65 /* Release */,
			);
			defaultConfigurationIsVisible = 0;
		};
		BBD513711CF03CFD0096CB65 /* Build configuration list for PBXNativeTarget "imagefyTests" */ = {
			isa = XCConfigurationList;
			buildConfigurations = (
				BBD513721CF03CFD0096CB65 /* Debug */,
				BBD513731CF03CFD0096CB65 /* Release */,
			);
			defaultConfigurationIsVisible = 0;
		};
		BBD513741CF03CFD0096CB65 /* Build configuration list for PBXNativeTarget "imagefyUITests" */ = {
			isa = XCConfigurationList;
			buildConfigurations = (
				BBD513751CF03CFD0096CB65 /* Debug */,
				BBD513761CF03CFD0096CB65 /* Release */,
			);
			defaultConfigurationIsVisible = 0;
		};
/* End XCConfigurationList section */

/* Begin XCVersionGroup section */
		BBD5134D1CF03CFD0096CB65 /* imagefy.xcdatamodeld */ = {
			isa = XCVersionGroup;
			children = (
				BBD5134E1CF03CFD0096CB65 /* imagefy.xcdatamodel */,
			);
			currentVersion = BBD5134E1CF03CFD0096CB65 /* imagefy.xcdatamodel */;
			name = imagefy.xcdatamodeld;
			path = ../imagefy.xcdatamodeld;
			sourceTree = "<group>";
			versionGroupType = wrapper.xcdatamodel;
		};
/* End XCVersionGroup section */
	};
	rootObject = BBD5133B1CF03CF90096CB65 /* Project object */;
}
