// !$*UTF8*$!
{
	archiveVersion = 1;
	classes = {
	};
	objectVersion = 46;
	objects = {

/* Begin PBXBuildFile section */
		791F02E41CF059A900719FF6 /* TabbarController.swift in Sources */ = {isa = PBXBuildFile; fileRef = 791F02E31CF059A900719FF6 /* TabbarController.swift */; };
		792A33B81CF07A8D00A8C7FE /* LoginViewController.swift in Sources */ = {isa = PBXBuildFile; fileRef = 792A33B71CF07A8D00A8C7FE /* LoginViewController.swift */; };
		792F7FDD1CF127D00056EC91 /* LoginInteractor.swift in Sources */ = {isa = PBXBuildFile; fileRef = 792F7FDC1CF127D00056EC91 /* LoginInteractor.swift */; };
		792F7FDF1CF127D90056EC91 /* LoginPresenter.swift in Sources */ = {isa = PBXBuildFile; fileRef = 792F7FDE1CF127D90056EC91 /* LoginPresenter.swift */; };
		792F7FE11CF127E90056EC91 /* LoginWireframe.swift in Sources */ = {isa = PBXBuildFile; fileRef = 792F7FE01CF127E90056EC91 /* LoginWireframe.swift */; };
		792F7FE31CF127F30056EC91 /* LoginProtocols.swift in Sources */ = {isa = PBXBuildFile; fileRef = 792F7FE21CF127F30056EC91 /* LoginProtocols.swift */; };
		792F7FE51CF128510056EC91 /* ProfileInteractor.swift in Sources */ = {isa = PBXBuildFile; fileRef = 792F7FE41CF128510056EC91 /* ProfileInteractor.swift */; };
		792F7FE71CF1285A0056EC91 /* ProfilePresenter.swift in Sources */ = {isa = PBXBuildFile; fileRef = 792F7FE61CF1285A0056EC91 /* ProfilePresenter.swift */; };
		792F7FE91CF128650056EC91 /* ProfileWireframe.swift in Sources */ = {isa = PBXBuildFile; fileRef = 792F7FE81CF128650056EC91 /* ProfileWireframe.swift */; };
		792F7FEB1CF1286D0056EC91 /* ProfileProtocols.swift in Sources */ = {isa = PBXBuildFile; fileRef = 792F7FEA1CF1286D0056EC91 /* ProfileProtocols.swift */; };
		792F7FED1CF128770056EC91 /* ProfileViewController.swift in Sources */ = {isa = PBXBuildFile; fileRef = 792F7FEC1CF128770056EC91 /* ProfileViewController.swift */; };
		792F7FEF1CF128870056EC91 /* WishCreationViewController.swift in Sources */ = {isa = PBXBuildFile; fileRef = 792F7FEE1CF128870056EC91 /* WishCreationViewController.swift */; };
		792F7FF11CF128940056EC91 /* WishCreationPresenter.swift in Sources */ = {isa = PBXBuildFile; fileRef = 792F7FF01CF128940056EC91 /* WishCreationPresenter.swift */; };
		792F7FF31CF128A00056EC91 /* WishCreationInteractor.swift in Sources */ = {isa = PBXBuildFile; fileRef = 792F7FF21CF128A00056EC91 /* WishCreationInteractor.swift */; };
		792F7FF51CF128AC0056EC91 /* WishCreationWireframe.swift in Sources */ = {isa = PBXBuildFile; fileRef = 792F7FF41CF128AC0056EC91 /* WishCreationWireframe.swift */; };
		792F7FF71CF128B70056EC91 /* WishCreationProtocols.swift in Sources */ = {isa = PBXBuildFile; fileRef = 792F7FF61CF128B70056EC91 /* WishCreationProtocols.swift */; };
		792F7FF91CF128C60056EC91 /* WishListInteractor.swift in Sources */ = {isa = PBXBuildFile; fileRef = 792F7FF81CF128C60056EC91 /* WishListInteractor.swift */; };
		792F7FFB1CF128CD0056EC91 /* WishListPresenter.swift in Sources */ = {isa = PBXBuildFile; fileRef = 792F7FFA1CF128CD0056EC91 /* WishListPresenter.swift */; };
		792F7FFD1CF128D90056EC91 /* WishListWireframe.swift in Sources */ = {isa = PBXBuildFile; fileRef = 792F7FFC1CF128D90056EC91 /* WishListWireframe.swift */; };
		792F7FFF1CF128E10056EC91 /* WishListProtocols.swift in Sources */ = {isa = PBXBuildFile; fileRef = 792F7FFE1CF128E10056EC91 /* WishListProtocols.swift */; };
		792F80031CF13B370056EC91 /* LoginService.swift in Sources */ = {isa = PBXBuildFile; fileRef = 792F80021CF13B370056EC91 /* LoginService.swift */; };
		792F80071CF13B980056EC91 /* BaseService.swift in Sources */ = {isa = PBXBuildFile; fileRef = 792F80061CF13B980056EC91 /* BaseService.swift */; };
		792F80091CF13C820056EC91 /* StringHelper.swift in Sources */ = {isa = PBXBuildFile; fileRef = 792F80081CF13C820056EC91 /* StringHelper.swift */; };
		792F800B1CF142970056EC91 /* LoginConfigurator.swift in Sources */ = {isa = PBXBuildFile; fileRef = 792F800A1CF142970056EC91 /* LoginConfigurator.swift */; };
		79FC04561CF1717F00FE10E5 /* User.swift in Sources */ = {isa = PBXBuildFile; fileRef = 79FC04551CF1717F00FE10E5 /* User.swift */; };
		79FC045A1CF18D2000FE10E5 /* Comfortaa-Bold.ttf in Resources */ = {isa = PBXBuildFile; fileRef = 79FC04571CF18BD500FE10E5 /* Comfortaa-Bold.ttf */; };
		79FC045B1CF18D2000FE10E5 /* Comfortaa-Light.ttf in Resources */ = {isa = PBXBuildFile; fileRef = 79FC04581CF18BD500FE10E5 /* Comfortaa-Light.ttf */; };
		79FC045C1CF18D2000FE10E5 /* Comfortaa-Regular.ttf in Resources */ = {isa = PBXBuildFile; fileRef = 79FC04591CF18BD500FE10E5 /* Comfortaa-Regular.ttf */; };
		79FC045E1CF190D600FE10E5 /* ImageHelper.swift in Sources */ = {isa = PBXBuildFile; fileRef = 79FC045D1CF190D600FE10E5 /* ImageHelper.swift */; };
		BB0E72161CF151C300DED58D /* Consts.swift in Sources */ = {isa = PBXBuildFile; fileRef = BB0E72151CF151C300DED58D /* Consts.swift */; };
		BB0E72181CF152E900DED58D /* Default-568h@2x.png in Resources */ = {isa = PBXBuildFile; fileRef = BB0E72171CF152E900DED58D /* Default-568h@2x.png */; };
		BBD513471CF03CFD0096CB65 /* AppDelegate.swift in Sources */ = {isa = PBXBuildFile; fileRef = BBD513461CF03CFD0096CB65 /* AppDelegate.swift */; };
		BBD5135F1CF03CFD0096CB65 /* imagefyTests.swift in Sources */ = {isa = PBXBuildFile; fileRef = BBD5135E1CF03CFD0096CB65 /* imagefyTests.swift */; };
		BBD5136A1CF03CFD0096CB65 /* imagefyUITests.swift in Sources */ = {isa = PBXBuildFile; fileRef = BBD513691CF03CFD0096CB65 /* imagefyUITests.swift */; };
		BBD513811CF042200096CB65 /* Assets.xcassets in Resources */ = {isa = PBXBuildFile; fileRef = BBD513781CF042200096CB65 /* Assets.xcassets */; };
		BBD513841CF042200096CB65 /* imagefy.xcdatamodeld in Sources */ = {isa = PBXBuildFile; fileRef = BBD5137E1CF042200096CB65 /* imagefy.xcdatamodeld */; };
		BBD5138A1CF0429C0096CB65 /* LaunchScreen.storyboard in Resources */ = {isa = PBXBuildFile; fileRef = BBD513881CF0429C0096CB65 /* LaunchScreen.storyboard */; };
		BBD5138B1CF0429C0096CB65 /* Main.storyboard in Resources */ = {isa = PBXBuildFile; fileRef = BBD513891CF0429C0096CB65 /* Main.storyboard */; };
		BBD513901CF043CF0096CB65 /* UIKit.framework in Frameworks */ = {isa = PBXBuildFile; fileRef = BBD5138F1CF043CF0096CB65 /* UIKit.framework */; };
		BBD513931CF043DA0096CB65 /* CoreFoundation.framework in Frameworks */ = {isa = PBXBuildFile; fileRef = BBD513911CF043DA0096CB65 /* CoreFoundation.framework */; };
		BBD513941CF043DA0096CB65 /* Foundation.framework in Frameworks */ = {isa = PBXBuildFile; fileRef = BBD513921CF043DA0096CB65 /* Foundation.framework */; };
		BBD513961CF043E50096CB65 /* SystemConfiguration.framework in Frameworks */ = {isa = PBXBuildFile; fileRef = BBD513951CF043E50096CB65 /* SystemConfiguration.framework */; };
		BBD5139B1CF0456B0096CB65 /* WishesCollectionViewController.swift in Sources */ = {isa = PBXBuildFile; fileRef = BBD5139A1CF0456B0096CB65 /* WishesCollectionViewController.swift */; };
		BBD5139E1CF047580096CB65 /* Extesions.swift in Sources */ = {isa = PBXBuildFile; fileRef = BBD5139D1CF047580096CB65 /* Extesions.swift */; };
		BBD513A01CF048480096CB65 /* UIDesign.swift in Sources */ = {isa = PBXBuildFile; fileRef = BBD5139F1CF048480096CB65 /* UIDesign.swift */; };
		BBD513A51CF04E130096CB65 /* WishesCollectionViewCell.swift in Sources */ = {isa = PBXBuildFile; fileRef = BBD513A41CF04E130096CB65 /* WishesCollectionViewCell.swift */; };
		C30168BE288E4AC60D1A3509 /* Pods_imagefyUITests.framework in Frameworks */ = {isa = PBXBuildFile; fileRef = 378B1E73B30A54583E667B9C /* Pods_imagefyUITests.framework */; };
		E646AF17FE5EB099FE8BD82E /* Pods_imagefy.framework in Frameworks */ = {isa = PBXBuildFile; fileRef = 3ECF2D127ADF1F0BFDE4F7CF /* Pods_imagefy.framework */; };
		E78E90DC1CF188FA00A8AD55 /* PictureViewController.swift in Sources */ = {isa = PBXBuildFile; fileRef = E78E90DB1CF188FA00A8AD55 /* PictureViewController.swift */; };
		E7DB0C341CF1B11E00CACC33 /* FBSDKCoreKit.framework in Frameworks */ = {isa = PBXBuildFile; fileRef = E7DB0C311CF1B11E00CACC33 /* FBSDKCoreKit.framework */; };
		E7DB0C351CF1B11E00CACC33 /* FBSDKLoginKit.framework in Frameworks */ = {isa = PBXBuildFile; fileRef = E7DB0C321CF1B11E00CACC33 /* FBSDKLoginKit.framework */; };
		E7DB0C361CF1B11E00CACC33 /* FBSDKShareKit.framework in Frameworks */ = {isa = PBXBuildFile; fileRef = E7DB0C331CF1B11E00CACC33 /* FBSDKShareKit.framework */; };
		F0C42AFC6346E22D35C12F82 /* Pods_imagefyTests.framework in Frameworks */ = {isa = PBXBuildFile; fileRef = 50E5DDD54199FB35DC51816B /* Pods_imagefyTests.framework */; };
/* End PBXBuildFile section */

/* Begin PBXContainerItemProxy section */
		BBD5135B1CF03CFD0096CB65 /* PBXContainerItemProxy */ = {
			isa = PBXContainerItemProxy;
			containerPortal = BBD5133B1CF03CF90096CB65 /* Project object */;
			proxyType = 1;
			remoteGlobalIDString = BBD513421CF03CF90096CB65;
			remoteInfo = imagefy;
		};
		BBD513661CF03CFD0096CB65 /* PBXContainerItemProxy */ = {
			isa = PBXContainerItemProxy;
			containerPortal = BBD5133B1CF03CF90096CB65 /* Project object */;
			proxyType = 1;
			remoteGlobalIDString = BBD513421CF03CF90096CB65;
			remoteInfo = imagefy;
		};
/* End PBXContainerItemProxy section */

/* Begin PBXFileReference section */
		01428FC79C3D4673A1C036EE /* Pods-imagefy.debug.xcconfig */ = {isa = PBXFileReference; includeInIndex = 1; lastKnownFileType = text.xcconfig; name = "Pods-imagefy.debug.xcconfig"; path = "Pods/Target Support Files/Pods-imagefy/Pods-imagefy.debug.xcconfig"; sourceTree = "<group>"; };
		1121B5378564248806911F1D /* Pods-imagefyUITests.release.xcconfig */ = {isa = PBXFileReference; includeInIndex = 1; lastKnownFileType = text.xcconfig; name = "Pods-imagefyUITests.release.xcconfig"; path = "Pods/Target Support Files/Pods-imagefyUITests/Pods-imagefyUITests.release.xcconfig"; sourceTree = "<group>"; };
		378B1E73B30A54583E667B9C /* Pods_imagefyUITests.framework */ = {isa = PBXFileReference; explicitFileType = wrapper.framework; includeInIndex = 0; path = Pods_imagefyUITests.framework; sourceTree = BUILT_PRODUCTS_DIR; };
		3ECF2D127ADF1F0BFDE4F7CF /* Pods_imagefy.framework */ = {isa = PBXFileReference; explicitFileType = wrapper.framework; includeInIndex = 0; path = Pods_imagefy.framework; sourceTree = BUILT_PRODUCTS_DIR; };
		50E5DDD54199FB35DC51816B /* Pods_imagefyTests.framework */ = {isa = PBXFileReference; explicitFileType = wrapper.framework; includeInIndex = 0; path = Pods_imagefyTests.framework; sourceTree = BUILT_PRODUCTS_DIR; };
		514CF80F5081870D41759E1C /* Pods-imagefyTests.debug.xcconfig */ = {isa = PBXFileReference; includeInIndex = 1; lastKnownFileType = text.xcconfig; name = "Pods-imagefyTests.debug.xcconfig"; path = "Pods/Target Support Files/Pods-imagefyTests/Pods-imagefyTests.debug.xcconfig"; sourceTree = "<group>"; };
		791F02E31CF059A900719FF6 /* TabbarController.swift */ = {isa = PBXFileReference; fileEncoding = 4; lastKnownFileType = sourcecode.swift; path = TabbarController.swift; sourceTree = "<group>"; };
		792A33B21CF06DF100A8C7FE /* Bridge.h */ = {isa = PBXFileReference; lastKnownFileType = sourcecode.c.h; path = Bridge.h; sourceTree = "<group>"; };
		792A33B71CF07A8D00A8C7FE /* LoginViewController.swift */ = {isa = PBXFileReference; fileEncoding = 4; lastKnownFileType = sourcecode.swift; path = LoginViewController.swift; sourceTree = "<group>"; };
		792F7FDC1CF127D00056EC91 /* LoginInteractor.swift */ = {isa = PBXFileReference; fileEncoding = 4; lastKnownFileType = sourcecode.swift; path = LoginInteractor.swift; sourceTree = "<group>"; };
		792F7FDE1CF127D90056EC91 /* LoginPresenter.swift */ = {isa = PBXFileReference; fileEncoding = 4; lastKnownFileType = sourcecode.swift; path = LoginPresenter.swift; sourceTree = "<group>"; };
		792F7FE01CF127E90056EC91 /* LoginWireframe.swift */ = {isa = PBXFileReference; fileEncoding = 4; lastKnownFileType = sourcecode.swift; path = LoginWireframe.swift; sourceTree = "<group>"; };
		792F7FE21CF127F30056EC91 /* LoginProtocols.swift */ = {isa = PBXFileReference; fileEncoding = 4; lastKnownFileType = sourcecode.swift; path = LoginProtocols.swift; sourceTree = "<group>"; };
		792F7FE41CF128510056EC91 /* ProfileInteractor.swift */ = {isa = PBXFileReference; fileEncoding = 4; lastKnownFileType = sourcecode.swift; path = ProfileInteractor.swift; sourceTree = "<group>"; };
		792F7FE61CF1285A0056EC91 /* ProfilePresenter.swift */ = {isa = PBXFileReference; fileEncoding = 4; lastKnownFileType = sourcecode.swift; path = ProfilePresenter.swift; sourceTree = "<group>"; };
		792F7FE81CF128650056EC91 /* ProfileWireframe.swift */ = {isa = PBXFileReference; fileEncoding = 4; lastKnownFileType = sourcecode.swift; path = ProfileWireframe.swift; sourceTree = "<group>"; };
		792F7FEA1CF1286D0056EC91 /* ProfileProtocols.swift */ = {isa = PBXFileReference; fileEncoding = 4; lastKnownFileType = sourcecode.swift; path = ProfileProtocols.swift; sourceTree = "<group>"; };
		792F7FEC1CF128770056EC91 /* ProfileViewController.swift */ = {isa = PBXFileReference; fileEncoding = 4; lastKnownFileType = sourcecode.swift; path = ProfileViewController.swift; sourceTree = "<group>"; };
		792F7FEE1CF128870056EC91 /* WishCreationViewController.swift */ = {isa = PBXFileReference; fileEncoding = 4; lastKnownFileType = sourcecode.swift; path = WishCreationViewController.swift; sourceTree = "<group>"; };
		792F7FF01CF128940056EC91 /* WishCreationPresenter.swift */ = {isa = PBXFileReference; fileEncoding = 4; lastKnownFileType = sourcecode.swift; path = WishCreationPresenter.swift; sourceTree = "<group>"; };
		792F7FF21CF128A00056EC91 /* WishCreationInteractor.swift */ = {isa = PBXFileReference; fileEncoding = 4; lastKnownFileType = sourcecode.swift; path = WishCreationInteractor.swift; sourceTree = "<group>"; };
		792F7FF41CF128AC0056EC91 /* WishCreationWireframe.swift */ = {isa = PBXFileReference; fileEncoding = 4; lastKnownFileType = sourcecode.swift; path = WishCreationWireframe.swift; sourceTree = "<group>"; };
		792F7FF61CF128B70056EC91 /* WishCreationProtocols.swift */ = {isa = PBXFileReference; fileEncoding = 4; lastKnownFileType = sourcecode.swift; path = WishCreationProtocols.swift; sourceTree = "<group>"; };
		792F7FF81CF128C60056EC91 /* WishListInteractor.swift */ = {isa = PBXFileReference; fileEncoding = 4; lastKnownFileType = sourcecode.swift; path = WishListInteractor.swift; sourceTree = "<group>"; };
		792F7FFA1CF128CD0056EC91 /* WishListPresenter.swift */ = {isa = PBXFileReference; fileEncoding = 4; lastKnownFileType = sourcecode.swift; path = WishListPresenter.swift; sourceTree = "<group>"; };
		792F7FFC1CF128D90056EC91 /* WishListWireframe.swift */ = {isa = PBXFileReference; fileEncoding = 4; lastKnownFileType = sourcecode.swift; path = WishListWireframe.swift; sourceTree = "<group>"; };
		792F7FFE1CF128E10056EC91 /* WishListProtocols.swift */ = {isa = PBXFileReference; fileEncoding = 4; lastKnownFileType = sourcecode.swift; path = WishListProtocols.swift; sourceTree = "<group>"; };
		792F80021CF13B370056EC91 /* LoginService.swift */ = {isa = PBXFileReference; fileEncoding = 4; lastKnownFileType = sourcecode.swift; path = LoginService.swift; sourceTree = "<group>"; };
		792F80061CF13B980056EC91 /* BaseService.swift */ = {isa = PBXFileReference; fileEncoding = 4; lastKnownFileType = sourcecode.swift; path = BaseService.swift; sourceTree = "<group>"; };
		792F80081CF13C820056EC91 /* StringHelper.swift */ = {isa = PBXFileReference; fileEncoding = 4; lastKnownFileType = sourcecode.swift; name = StringHelper.swift; path = ../StringHelper.swift; sourceTree = "<group>"; };
		792F800A1CF142970056EC91 /* LoginConfigurator.swift */ = {isa = PBXFileReference; fileEncoding = 4; lastKnownFileType = sourcecode.swift; path = LoginConfigurator.swift; sourceTree = "<group>"; };
		79FC04551CF1717F00FE10E5 /* User.swift */ = {isa = PBXFileReference; fileEncoding = 4; lastKnownFileType = sourcecode.swift; path = User.swift; sourceTree = "<group>"; };
		79FC04571CF18BD500FE10E5 /* Comfortaa-Bold.ttf */ = {isa = PBXFileReference; lastKnownFileType = file; path = "Comfortaa-Bold.ttf"; sourceTree = "<group>"; };
		79FC04581CF18BD500FE10E5 /* Comfortaa-Light.ttf */ = {isa = PBXFileReference; lastKnownFileType = file; path = "Comfortaa-Light.ttf"; sourceTree = "<group>"; };
		79FC04591CF18BD500FE10E5 /* Comfortaa-Regular.ttf */ = {isa = PBXFileReference; lastKnownFileType = file; path = "Comfortaa-Regular.ttf"; sourceTree = "<group>"; };
		79FC045D1CF190D600FE10E5 /* ImageHelper.swift */ = {isa = PBXFileReference; fileEncoding = 4; lastKnownFileType = sourcecode.swift; path = ImageHelper.swift; sourceTree = "<group>"; };
		8FE091635C517DE174C08A45 /* Pods-imagefyUITests.debug.xcconfig */ = {isa = PBXFileReference; includeInIndex = 1; lastKnownFileType = text.xcconfig; name = "Pods-imagefyUITests.debug.xcconfig"; path = "Pods/Target Support Files/Pods-imagefyUITests/Pods-imagefyUITests.debug.xcconfig"; sourceTree = "<group>"; };
		BB0E72151CF151C300DED58D /* Consts.swift */ = {isa = PBXFileReference; fileEncoding = 4; lastKnownFileType = sourcecode.swift; path = Consts.swift; sourceTree = "<group>"; };
		BB0E72171CF152E900DED58D /* Default-568h@2x.png */ = {isa = PBXFileReference; lastKnownFileType = image.png; path = "Default-568h@2x.png"; sourceTree = "<group>"; };
		BBD513431CF03CF90096CB65 /* imagefy.app */ = {isa = PBXFileReference; explicitFileType = wrapper.application; includeInIndex = 0; path = imagefy.app; sourceTree = BUILT_PRODUCTS_DIR; };
		BBD513461CF03CFD0096CB65 /* AppDelegate.swift */ = {isa = PBXFileReference; lastKnownFileType = sourcecode.swift; path = AppDelegate.swift; sourceTree = "<group>"; };
		BBD5135A1CF03CFD0096CB65 /* imagefyTests.xctest */ = {isa = PBXFileReference; explicitFileType = wrapper.cfbundle; includeInIndex = 0; path = imagefyTests.xctest; sourceTree = BUILT_PRODUCTS_DIR; };
		BBD5135E1CF03CFD0096CB65 /* imagefyTests.swift */ = {isa = PBXFileReference; lastKnownFileType = sourcecode.swift; path = imagefyTests.swift; sourceTree = "<group>"; };
		BBD513601CF03CFD0096CB65 /* Info.plist */ = {isa = PBXFileReference; lastKnownFileType = text.plist.xml; path = Info.plist; sourceTree = "<group>"; };
		BBD513651CF03CFD0096CB65 /* imagefyUITests.xctest */ = {isa = PBXFileReference; explicitFileType = wrapper.cfbundle; includeInIndex = 0; path = imagefyUITests.xctest; sourceTree = BUILT_PRODUCTS_DIR; };
		BBD513691CF03CFD0096CB65 /* imagefyUITests.swift */ = {isa = PBXFileReference; lastKnownFileType = sourcecode.swift; path = imagefyUITests.swift; sourceTree = "<group>"; };
		BBD5136B1CF03CFD0096CB65 /* Info.plist */ = {isa = PBXFileReference; lastKnownFileType = text.plist.xml; path = Info.plist; sourceTree = "<group>"; };
		BBD513781CF042200096CB65 /* Assets.xcassets */ = {isa = PBXFileReference; lastKnownFileType = folder.assetcatalog; path = Assets.xcassets; sourceTree = "<group>"; };
		BBD5137F1CF042200096CB65 /* imagefy.xcdatamodel */ = {isa = PBXFileReference; lastKnownFileType = wrapper.xcdatamodel; path = imagefy.xcdatamodel; sourceTree = "<group>"; };
		BBD513801CF042200096CB65 /* Info.plist */ = {isa = PBXFileReference; fileEncoding = 4; lastKnownFileType = text.plist.xml; path = Info.plist; sourceTree = "<group>"; };
		BBD513881CF0429C0096CB65 /* LaunchScreen.storyboard */ = {isa = PBXFileReference; fileEncoding = 4; lastKnownFileType = file.storyboard; path = LaunchScreen.storyboard; sourceTree = "<group>"; };
		BBD513891CF0429C0096CB65 /* Main.storyboard */ = {isa = PBXFileReference; fileEncoding = 4; lastKnownFileType = file.storyboard; path = Main.storyboard; sourceTree = "<group>"; };
		BBD5138F1CF043CF0096CB65 /* UIKit.framework */ = {isa = PBXFileReference; lastKnownFileType = wrapper.framework; name = UIKit.framework; path = System/Library/Frameworks/UIKit.framework; sourceTree = SDKROOT; };
		BBD513911CF043DA0096CB65 /* CoreFoundation.framework */ = {isa = PBXFileReference; lastKnownFileType = wrapper.framework; name = CoreFoundation.framework; path = System/Library/Frameworks/CoreFoundation.framework; sourceTree = SDKROOT; };
		BBD513921CF043DA0096CB65 /* Foundation.framework */ = {isa = PBXFileReference; lastKnownFileType = wrapper.framework; name = Foundation.framework; path = System/Library/Frameworks/Foundation.framework; sourceTree = SDKROOT; };
		BBD513951CF043E50096CB65 /* SystemConfiguration.framework */ = {isa = PBXFileReference; lastKnownFileType = wrapper.framework; name = SystemConfiguration.framework; path = System/Library/Frameworks/SystemConfiguration.framework; sourceTree = SDKROOT; };
		BBD5139A1CF0456B0096CB65 /* WishesCollectionViewController.swift */ = {isa = PBXFileReference; fileEncoding = 4; lastKnownFileType = sourcecode.swift; path = WishesCollectionViewController.swift; sourceTree = "<group>"; };
		BBD5139D1CF047580096CB65 /* Extesions.swift */ = {isa = PBXFileReference; fileEncoding = 4; lastKnownFileType = sourcecode.swift; path = Extesions.swift; sourceTree = "<group>"; };
		BBD5139F1CF048480096CB65 /* UIDesign.swift */ = {isa = PBXFileReference; fileEncoding = 4; lastKnownFileType = sourcecode.swift; path = UIDesign.swift; sourceTree = "<group>"; };
		BBD513A41CF04E130096CB65 /* WishesCollectionViewCell.swift */ = {isa = PBXFileReference; fileEncoding = 4; lastKnownFileType = sourcecode.swift; path = WishesCollectionViewCell.swift; sourceTree = "<group>"; };
		C72AACDE0F73BE0E2B6E7ABA /* Pods-imagefy.release.xcconfig */ = {isa = PBXFileReference; includeInIndex = 1; lastKnownFileType = text.xcconfig; name = "Pods-imagefy.release.xcconfig"; path = "Pods/Target Support Files/Pods-imagefy/Pods-imagefy.release.xcconfig"; sourceTree = "<group>"; };
		C95D1A697F102DBA8353ED0A /* Pods-imagefyTests.release.xcconfig */ = {isa = PBXFileReference; includeInIndex = 1; lastKnownFileType = text.xcconfig; name = "Pods-imagefyTests.release.xcconfig"; path = "Pods/Target Support Files/Pods-imagefyTests/Pods-imagefyTests.release.xcconfig"; sourceTree = "<group>"; };
		E78E90DB1CF188FA00A8AD55 /* PictureViewController.swift */ = {isa = PBXFileReference; fileEncoding = 4; lastKnownFileType = sourcecode.swift; name = PictureViewController.swift; path = Picture/PictureViewController.swift; sourceTree = "<group>"; };
		E7DB0C311CF1B11E00CACC33 /* FBSDKCoreKit.framework */ = {isa = PBXFileReference; lastKnownFileType = wrapper.framework; name = FBSDKCoreKit.framework; path = "imagefy/Supporting Files/Libs/FBSDKCoreKit.framework"; sourceTree = "<group>"; };
		E7DB0C321CF1B11E00CACC33 /* FBSDKLoginKit.framework */ = {isa = PBXFileReference; lastKnownFileType = wrapper.framework; name = FBSDKLoginKit.framework; path = "imagefy/Supporting Files/Libs/FBSDKLoginKit.framework"; sourceTree = "<group>"; };
		E7DB0C331CF1B11E00CACC33 /* FBSDKShareKit.framework */ = {isa = PBXFileReference; lastKnownFileType = wrapper.framework; name = FBSDKShareKit.framework; path = "imagefy/Supporting Files/Libs/FBSDKShareKit.framework"; sourceTree = "<group>"; };
/* End PBXFileReference section */

/* Begin PBXFrameworksBuildPhase section */
		BBD513401CF03CF90096CB65 /* Frameworks */ = {
			isa = PBXFrameworksBuildPhase;
			buildActionMask = 2147483647;
			files = (
				E7DB0C361CF1B11E00CACC33 /* FBSDKShareKit.framework in Frameworks */,
				BBD513961CF043E50096CB65 /* SystemConfiguration.framework in Frameworks */,
				E7DB0C341CF1B11E00CACC33 /* FBSDKCoreKit.framework in Frameworks */,
				BBD513931CF043DA0096CB65 /* CoreFoundation.framework in Frameworks */,
				BBD513941CF043DA0096CB65 /* Foundation.framework in Frameworks */,
				E7DB0C351CF1B11E00CACC33 /* FBSDKLoginKit.framework in Frameworks */,
				BBD513901CF043CF0096CB65 /* UIKit.framework in Frameworks */,
				E646AF17FE5EB099FE8BD82E /* Pods_imagefy.framework in Frameworks */,
			);
			runOnlyForDeploymentPostprocessing = 0;
		};
		BBD513571CF03CFD0096CB65 /* Frameworks */ = {
			isa = PBXFrameworksBuildPhase;
			buildActionMask = 2147483647;
			files = (
				F0C42AFC6346E22D35C12F82 /* Pods_imagefyTests.framework in Frameworks */,
			);
			runOnlyForDeploymentPostprocessing = 0;
		};
		BBD513621CF03CFD0096CB65 /* Frameworks */ = {
			isa = PBXFrameworksBuildPhase;
			buildActionMask = 2147483647;
			files = (
				C30168BE288E4AC60D1A3509 /* Pods_imagefyUITests.framework in Frameworks */,
			);
			runOnlyForDeploymentPostprocessing = 0;
		};
/* End PBXFrameworksBuildPhase section */

/* Begin PBXGroup section */
		0AA76D77E7198D3F5869DB17 /* Pods */ = {
			isa = PBXGroup;
			children = (
				01428FC79C3D4673A1C036EE /* Pods-imagefy.debug.xcconfig */,
				C72AACDE0F73BE0E2B6E7ABA /* Pods-imagefy.release.xcconfig */,
				514CF80F5081870D41759E1C /* Pods-imagefyTests.debug.xcconfig */,
				C95D1A697F102DBA8353ED0A /* Pods-imagefyTests.release.xcconfig */,
				8FE091635C517DE174C08A45 /* Pods-imagefyUITests.debug.xcconfig */,
				1121B5378564248806911F1D /* Pods-imagefyUITests.release.xcconfig */,
			);
			name = Pods;
			sourceTree = "<group>";
		};
		39DC223007E308A4CDC6F9BB /* Frameworks */ = {
			isa = PBXGroup;
			children = (
				E7DB0C311CF1B11E00CACC33 /* FBSDKCoreKit.framework */,
				E7DB0C321CF1B11E00CACC33 /* FBSDKLoginKit.framework */,
				E7DB0C331CF1B11E00CACC33 /* FBSDKShareKit.framework */,
				BBD513951CF043E50096CB65 /* SystemConfiguration.framework */,
				BBD513911CF043DA0096CB65 /* CoreFoundation.framework */,
				BBD513921CF043DA0096CB65 /* Foundation.framework */,
				BBD5138F1CF043CF0096CB65 /* UIKit.framework */,
				3ECF2D127ADF1F0BFDE4F7CF /* Pods_imagefy.framework */,
				50E5DDD54199FB35DC51816B /* Pods_imagefyTests.framework */,
				378B1E73B30A54583E667B9C /* Pods_imagefyUITests.framework */,
			);
			name = Frameworks;
			sourceTree = "<group>";
		};
		792F7FD71CF127710056EC91 /* Modules */ = {
			isa = PBXGroup;
			children = (
				E78E90DA1CF188EB00A8AD55 /* Picture */,
				792F7FDB1CF127BF0056EC91 /* Login */,
				792F7FD81CF127990056EC91 /* Profile */,
				792F7FD91CF127990056EC91 /* WishCreation */,
				792F7FDA1CF127990056EC91 /* Wishlist */,
			);
			path = Modules;
			sourceTree = "<group>";
		};
		792F7FD81CF127990056EC91 /* Profile */ = {
			isa = PBXGroup;
			children = (
				792F7FE41CF128510056EC91 /* ProfileInteractor.swift */,
				792F7FE61CF1285A0056EC91 /* ProfilePresenter.swift */,
				792F7FE81CF128650056EC91 /* ProfileWireframe.swift */,
				792F7FEA1CF1286D0056EC91 /* ProfileProtocols.swift */,
				792F7FEC1CF128770056EC91 /* ProfileViewController.swift */,
			);
			path = Profile;
			sourceTree = "<group>";
		};
		792F7FD91CF127990056EC91 /* WishCreation */ = {
			isa = PBXGroup;
			children = (
				792F7FEE1CF128870056EC91 /* WishCreationViewController.swift */,
				792F7FF01CF128940056EC91 /* WishCreationPresenter.swift */,
				792F7FF21CF128A00056EC91 /* WishCreationInteractor.swift */,
				792F7FF41CF128AC0056EC91 /* WishCreationWireframe.swift */,
				792F7FF61CF128B70056EC91 /* WishCreationProtocols.swift */,
			);
			path = WishCreation;
			sourceTree = "<group>";
		};
		792F7FDA1CF127990056EC91 /* Wishlist */ = {
			isa = PBXGroup;
			children = (
				BBD5139A1CF0456B0096CB65 /* WishesCollectionViewController.swift */,
				792F7FF81CF128C60056EC91 /* WishListInteractor.swift */,
				792F7FFA1CF128CD0056EC91 /* WishListPresenter.swift */,
				792F7FFC1CF128D90056EC91 /* WishListWireframe.swift */,
				792F7FFE1CF128E10056EC91 /* WishListProtocols.swift */,
			);
			path = Wishlist;
			sourceTree = "<group>";
		};
		792F7FDB1CF127BF0056EC91 /* Login */ = {
			isa = PBXGroup;
			children = (
				792A33B71CF07A8D00A8C7FE /* LoginViewController.swift */,
				792F7FDC1CF127D00056EC91 /* LoginInteractor.swift */,
				792F7FDE1CF127D90056EC91 /* LoginPresenter.swift */,
				792F7FE01CF127E90056EC91 /* LoginWireframe.swift */,
				792F7FE21CF127F30056EC91 /* LoginProtocols.swift */,
				792F80021CF13B370056EC91 /* LoginService.swift */,
				792F800A1CF142970056EC91 /* LoginConfigurator.swift */,
				79FC04551CF1717F00FE10E5 /* User.swift */,
			);
			path = Login;
			sourceTree = "<group>";
		};
		BBD5133A1CF03CF90096CB65 = {
			isa = PBXGroup;
			children = (
				BB0E72171CF152E900DED58D /* Default-568h@2x.png */,
				BBD513451CF03CFD0096CB65 /* imagefy */,
				BBD5135D1CF03CFD0096CB65 /* imagefyTests */,
				BBD513681CF03CFD0096CB65 /* imagefyUITests */,
				BBD513441CF03CF90096CB65 /* Products */,
				0AA76D77E7198D3F5869DB17 /* Pods */,
				39DC223007E308A4CDC6F9BB /* Frameworks */,
			);
			sourceTree = "<group>";
		};
		BBD513441CF03CF90096CB65 /* Products */ = {
			isa = PBXGroup;
			children = (
				BBD513431CF03CF90096CB65 /* imagefy.app */,
				BBD5135A1CF03CFD0096CB65 /* imagefyTests.xctest */,
				BBD513651CF03CFD0096CB65 /* imagefyUITests.xctest */,
			);
			name = Products;
			sourceTree = "<group>";
		};
		BBD513451CF03CFD0096CB65 /* imagefy */ = {
			isa = PBXGroup;
			children = (
				BBD513461CF03CFD0096CB65 /* AppDelegate.swift */,
				792F7FD71CF127710056EC91 /* Modules */,
				BBD5138C1CF042C20096CB65 /* Classes */,
				BBD513871CF0429C0096CB65 /* Storyboard */,
				BBD513771CF03D180096CB65 /* Supporting Files */,
				792A33B21CF06DF100A8C7FE /* Bridge.h */,
			);
			path = imagefy;
			sourceTree = "<group>";
		};
		BBD5135D1CF03CFD0096CB65 /* imagefyTests */ = {
			isa = PBXGroup;
			children = (
				BBD5135E1CF03CFD0096CB65 /* imagefyTests.swift */,
				BBD513601CF03CFD0096CB65 /* Info.plist */,
			);
			path = imagefyTests;
			sourceTree = "<group>";
		};
		BBD513681CF03CFD0096CB65 /* imagefyUITests */ = {
			isa = PBXGroup;
			children = (
				BBD513691CF03CFD0096CB65 /* imagefyUITests.swift */,
				BBD5136B1CF03CFD0096CB65 /* Info.plist */,
			);
			path = imagefyUITests;
			sourceTree = "<group>";
		};
		BBD513771CF03D180096CB65 /* Supporting Files */ = {
			isa = PBXGroup;
			children = (
				79FC04571CF18BD500FE10E5 /* Comfortaa-Bold.ttf */,
				79FC04581CF18BD500FE10E5 /* Comfortaa-Light.ttf */,
				79FC04591CF18BD500FE10E5 /* Comfortaa-Regular.ttf */,
				BBD513781CF042200096CB65 /* Assets.xcassets */,
				BBD5137E1CF042200096CB65 /* imagefy.xcdatamodeld */,
				BBD513801CF042200096CB65 /* Info.plist */,
			);
			path = "Supporting Files";
			sourceTree = "<group>";
		};
		BBD513871CF0429C0096CB65 /* Storyboard */ = {
			isa = PBXGroup;
			children = (
				BBD513881CF0429C0096CB65 /* LaunchScreen.storyboard */,
				BBD513891CF0429C0096CB65 /* Main.storyboard */,
			);
			path = Storyboard;
			sourceTree = "<group>";
		};
		BBD5138C1CF042C20096CB65 /* Classes */ = {
			isa = PBXGroup;
			children = (
				792F80061CF13B980056EC91 /* BaseService.swift */,
				BBD513A31CF04E130096CB65 /* Cells */,
				BBD513991CF0456B0096CB65 /* ViewControllers */,
				BBD5139C1CF047580096CB65 /* Extensions */,
			);
			path = Classes;
			sourceTree = "<group>";
		};
		BBD513991CF0456B0096CB65 /* ViewControllers */ = {
			isa = PBXGroup;
			children = (
				791F02E31CF059A900719FF6 /* TabbarController.swift */,
			);
			path = ViewControllers;
			sourceTree = "<group>";
		};
		BBD5139C1CF047580096CB65 /* Extensions */ = {
			isa = PBXGroup;
			children = (
				79FC045D1CF190D600FE10E5 /* ImageHelper.swift */,
				792F80081CF13C820056EC91 /* StringHelper.swift */,
				BB0E72151CF151C300DED58D /* Consts.swift */,
				BBD5139D1CF047580096CB65 /* Extesions.swift */,
				BBD5139F1CF048480096CB65 /* UIDesign.swift */,
			);
			path = Extensions;
			sourceTree = "<group>";
		};
		BBD513A31CF04E130096CB65 /* Cells */ = {
			isa = PBXGroup;
			children = (
				BBD513A41CF04E130096CB65 /* WishesCollectionViewCell.swift */,
			);
			path = Cells;
			sourceTree = "<group>";
		};
		E78E90DA1CF188EB00A8AD55 /* Picture */ = {
			isa = PBXGroup;
			children = (
				E78E90DB1CF188FA00A8AD55 /* PictureViewController.swift */,
			);
			name = Picture;
			sourceTree = "<group>";
		};
/* End PBXGroup section */

/* Begin PBXNativeTarget section */
		BBD513421CF03CF90096CB65 /* imagefy */ = {
			isa = PBXNativeTarget;
			buildConfigurationList = BBD5136E1CF03CFD0096CB65 /* Build configuration list for PBXNativeTarget "imagefy" */;
			buildPhases = (
				FE89E20792CDA69E32CA9085 /* 📦 Check Pods Manifest.lock */,
				BBD5133F1CF03CF90096CB65 /* Sources */,
				BBD513401CF03CF90096CB65 /* Frameworks */,
				BBD513411CF03CF90096CB65 /* Resources */,
				AA6826F719B9D3568C60EBE4 /* 📦 Embed Pods Frameworks */,
				87ADE93D811611DB1BE5C1EB /* 📦 Copy Pods Resources */,
			);
			buildRules = (
			);
			dependencies = (
			);
			name = imagefy;
			productName = imagefy;
			productReference = BBD513431CF03CF90096CB65 /* imagefy.app */;
			productType = "com.apple.product-type.application";
		};
		BBD513591CF03CFD0096CB65 /* imagefyTests */ = {
			isa = PBXNativeTarget;
			buildConfigurationList = BBD513711CF03CFD0096CB65 /* Build configuration list for PBXNativeTarget "imagefyTests" */;
			buildPhases = (
				F1724D206CA14B89BD0D0A24 /* 📦 Check Pods Manifest.lock */,
				BBD513561CF03CFD0096CB65 /* Sources */,
				BBD513571CF03CFD0096CB65 /* Frameworks */,
				BBD513581CF03CFD0096CB65 /* Resources */,
				FCF9016D0B70E04CFE7AF8B3 /* 📦 Embed Pods Frameworks */,
				EDBEA7D34CB04FA886F04AC0 /* 📦 Copy Pods Resources */,
			);
			buildRules = (
			);
			dependencies = (
				BBD5135C1CF03CFD0096CB65 /* PBXTargetDependency */,
			);
			name = imagefyTests;
			productName = imagefyTests;
			productReference = BBD5135A1CF03CFD0096CB65 /* imagefyTests.xctest */;
			productType = "com.apple.product-type.bundle.unit-test";
		};
		BBD513641CF03CFD0096CB65 /* imagefyUITests */ = {
			isa = PBXNativeTarget;
			buildConfigurationList = BBD513741CF03CFD0096CB65 /* Build configuration list for PBXNativeTarget "imagefyUITests" */;
			buildPhases = (
				E293F893198C518FB381A5AA /* 📦 Check Pods Manifest.lock */,
				BBD513611CF03CFD0096CB65 /* Sources */,
				BBD513621CF03CFD0096CB65 /* Frameworks */,
				BBD513631CF03CFD0096CB65 /* Resources */,
				F5FE6F9C38B8FA004553F370 /* 📦 Copy Pods Resources */,
			);
			buildRules = (
			);
			dependencies = (
				BBD513671CF03CFD0096CB65 /* PBXTargetDependency */,
			);
			name = imagefyUITests;
			productName = imagefyUITests;
			productReference = BBD513651CF03CFD0096CB65 /* imagefyUITests.xctest */;
			productType = "com.apple.product-type.bundle.ui-testing";
		};
/* End PBXNativeTarget section */

/* Begin PBXProject section */
		BBD5133B1CF03CF90096CB65 /* Project object */ = {
			isa = PBXProject;
			attributes = {
				LastSwiftUpdateCheck = 0730;
				LastUpgradeCheck = 0730;
				ORGANIZATIONNAME = "Alan M. Lira";
				TargetAttributes = {
					BBD513421CF03CF90096CB65 = {
						CreatedOnToolsVersion = 7.3.1;
						DevelopmentTeam = ZB2FJ674LY;
					};
					BBD513591CF03CFD0096CB65 = {
						CreatedOnToolsVersion = 7.3.1;
						TestTargetID = BBD513421CF03CF90096CB65;
					};
					BBD513641CF03CFD0096CB65 = {
						CreatedOnToolsVersion = 7.3.1;
						TestTargetID = BBD513421CF03CF90096CB65;
					};
				};
			};
			buildConfigurationList = BBD5133E1CF03CF90096CB65 /* Build configuration list for PBXProject "imagefy" */;
			compatibilityVersion = "Xcode 3.2";
			developmentRegion = English;
			hasScannedForEncodings = 0;
			knownRegions = (
				en,
				Base,
			);
			mainGroup = BBD5133A1CF03CF90096CB65;
			productRefGroup = BBD513441CF03CF90096CB65 /* Products */;
			projectDirPath = "";
			projectRoot = "";
			targets = (
				BBD513421CF03CF90096CB65 /* imagefy */,
				BBD513591CF03CFD0096CB65 /* imagefyTests */,
				BBD513641CF03CFD0096CB65 /* imagefyUITests */,
			);
		};
/* End PBXProject section */

/* Begin PBXResourcesBuildPhase section */
		BBD513411CF03CF90096CB65 /* Resources */ = {
			isa = PBXResourcesBuildPhase;
			buildActionMask = 2147483647;
			files = (
				79FC045A1CF18D2000FE10E5 /* Comfortaa-Bold.ttf in Resources */,
				79FC045B1CF18D2000FE10E5 /* Comfortaa-Light.ttf in Resources */,
				79FC045C1CF18D2000FE10E5 /* Comfortaa-Regular.ttf in Resources */,
				BBD5138A1CF0429C0096CB65 /* LaunchScreen.storyboard in Resources */,
				BBD513811CF042200096CB65 /* Assets.xcassets in Resources */,
				BB0E72181CF152E900DED58D /* Default-568h@2x.png in Resources */,
				BBD5138B1CF0429C0096CB65 /* Main.storyboard in Resources */,
			);
			runOnlyForDeploymentPostprocessing = 0;
		};
		BBD513581CF03CFD0096CB65 /* Resources */ = {
			isa = PBXResourcesBuildPhase;
			buildActionMask = 2147483647;
			files = (
			);
			runOnlyForDeploymentPostprocessing = 0;
		};
		BBD513631CF03CFD0096CB65 /* Resources */ = {
			isa = PBXResourcesBuildPhase;
			buildActionMask = 2147483647;
			files = (
			);
			runOnlyForDeploymentPostprocessing = 0;
		};
/* End PBXResourcesBuildPhase section */

/* Begin PBXShellScriptBuildPhase section */
		87ADE93D811611DB1BE5C1EB /* 📦 Copy Pods Resources */ = {
			isa = PBXShellScriptBuildPhase;
			buildActionMask = 2147483647;
			files = (
			);
			inputPaths = (
			);
			name = "📦 Copy Pods Resources";
			outputPaths = (
			);
			runOnlyForDeploymentPostprocessing = 0;
			shellPath = /bin/sh;
			shellScript = "\"${SRCROOT}/Pods/Target Support Files/Pods-imagefy/Pods-imagefy-resources.sh\"\n";
			showEnvVarsInLog = 0;
		};
		AA6826F719B9D3568C60EBE4 /* 📦 Embed Pods Frameworks */ = {
			isa = PBXShellScriptBuildPhase;
			buildActionMask = 2147483647;
			files = (
			);
			inputPaths = (
			);
			name = "📦 Embed Pods Frameworks";
			outputPaths = (
			);
			runOnlyForDeploymentPostprocessing = 0;
			shellPath = /bin/sh;
			shellScript = "\"${SRCROOT}/Pods/Target Support Files/Pods-imagefy/Pods-imagefy-frameworks.sh\"\n";
			showEnvVarsInLog = 0;
		};
		E293F893198C518FB381A5AA /* 📦 Check Pods Manifest.lock */ = {
			isa = PBXShellScriptBuildPhase;
			buildActionMask = 2147483647;
			files = (
			);
			inputPaths = (
			);
			name = "📦 Check Pods Manifest.lock";
			outputPaths = (
			);
			runOnlyForDeploymentPostprocessing = 0;
			shellPath = /bin/sh;
			shellScript = "diff \"${PODS_ROOT}/../Podfile.lock\" \"${PODS_ROOT}/Manifest.lock\" > /dev/null\nif [[ $? != 0 ]] ; then\n    cat << EOM\nerror: The sandbox is not in sync with the Podfile.lock. Run 'pod install' or update your CocoaPods installation.\nEOM\n    exit 1\nfi\n";
			showEnvVarsInLog = 0;
		};
		EDBEA7D34CB04FA886F04AC0 /* 📦 Copy Pods Resources */ = {
			isa = PBXShellScriptBuildPhase;
			buildActionMask = 2147483647;
			files = (
			);
			inputPaths = (
			);
			name = "📦 Copy Pods Resources";
			outputPaths = (
			);
			runOnlyForDeploymentPostprocessing = 0;
			shellPath = /bin/sh;
			shellScript = "\"${SRCROOT}/Pods/Target Support Files/Pods-imagefyTests/Pods-imagefyTests-resources.sh\"\n";
			showEnvVarsInLog = 0;
		};
		F1724D206CA14B89BD0D0A24 /* 📦 Check Pods Manifest.lock */ = {
			isa = PBXShellScriptBuildPhase;
			buildActionMask = 2147483647;
			files = (
			);
			inputPaths = (
			);
			name = "📦 Check Pods Manifest.lock";
			outputPaths = (
			);
			runOnlyForDeploymentPostprocessing = 0;
			shellPath = /bin/sh;
			shellScript = "diff \"${PODS_ROOT}/../Podfile.lock\" \"${PODS_ROOT}/Manifest.lock\" > /dev/null\nif [[ $? != 0 ]] ; then\n    cat << EOM\nerror: The sandbox is not in sync with the Podfile.lock. Run 'pod install' or update your CocoaPods installation.\nEOM\n    exit 1\nfi\n";
			showEnvVarsInLog = 0;
		};
		F5FE6F9C38B8FA004553F370 /* 📦 Copy Pods Resources */ = {
			isa = PBXShellScriptBuildPhase;
			buildActionMask = 2147483647;
			files = (
			);
			inputPaths = (
			);
			name = "📦 Copy Pods Resources";
			outputPaths = (
			);
			runOnlyForDeploymentPostprocessing = 0;
			shellPath = /bin/sh;
			shellScript = "\"${SRCROOT}/Pods/Target Support Files/Pods-imagefyUITests/Pods-imagefyUITests-resources.sh\"\n";
			showEnvVarsInLog = 0;
		};
		FCF9016D0B70E04CFE7AF8B3 /* 📦 Embed Pods Frameworks */ = {
			isa = PBXShellScriptBuildPhase;
			buildActionMask = 2147483647;
			files = (
			);
			inputPaths = (
			);
			name = "📦 Embed Pods Frameworks";
			outputPaths = (
			);
			runOnlyForDeploymentPostprocessing = 0;
			shellPath = /bin/sh;
			shellScript = "\"${SRCROOT}/Pods/Target Support Files/Pods-imagefyTests/Pods-imagefyTests-frameworks.sh\"\n";
			showEnvVarsInLog = 0;
		};
		FE89E20792CDA69E32CA9085 /* 📦 Check Pods Manifest.lock */ = {
			isa = PBXShellScriptBuildPhase;
			buildActionMask = 2147483647;
			files = (
			);
			inputPaths = (
			);
			name = "📦 Check Pods Manifest.lock";
			outputPaths = (
			);
			runOnlyForDeploymentPostprocessing = 0;
			shellPath = /bin/sh;
			shellScript = "diff \"${PODS_ROOT}/../Podfile.lock\" \"${PODS_ROOT}/Manifest.lock\" > /dev/null\nif [[ $? != 0 ]] ; then\n    cat << EOM\nerror: The sandbox is not in sync with the Podfile.lock. Run 'pod install' or update your CocoaPods installation.\nEOM\n    exit 1\nfi\n";
			showEnvVarsInLog = 0;
		};
/* End PBXShellScriptBuildPhase section */

/* Begin PBXSourcesBuildPhase section */
		BBD5133F1CF03CF90096CB65 /* Sources */ = {
			isa = PBXSourcesBuildPhase;
			buildActionMask = 2147483647;
			files = (
				792F7FE11CF127E90056EC91 /* LoginWireframe.swift in Sources */,
				E78E90DC1CF188FA00A8AD55 /* PictureViewController.swift in Sources */,
				792F7FF91CF128C60056EC91 /* WishListInteractor.swift in Sources */,
				BBD5139E1CF047580096CB65 /* Extesions.swift in Sources */,
				BBD513841CF042200096CB65 /* imagefy.xcdatamodeld in Sources */,
				79FC04561CF1717F00FE10E5 /* User.swift in Sources */,
				792F80071CF13B980056EC91 /* BaseService.swift in Sources */,
				792F80031CF13B370056EC91 /* LoginService.swift in Sources */,
				792F7FE91CF128650056EC91 /* ProfileWireframe.swift in Sources */,
				792F7FF51CF128AC0056EC91 /* WishCreationWireframe.swift in Sources */,
				BBD5139B1CF0456B0096CB65 /* WishesCollectionViewController.swift in Sources */,
				BB0E72161CF151C300DED58D /* Consts.swift in Sources */,
				BBD513471CF03CFD0096CB65 /* AppDelegate.swift in Sources */,
				792F7FEF1CF128870056EC91 /* WishCreationViewController.swift in Sources */,
				792F80091CF13C820056EC91 /* StringHelper.swift in Sources */,
				792F7FFB1CF128CD0056EC91 /* WishListPresenter.swift in Sources */,
				792F7FDF1CF127D90056EC91 /* LoginPresenter.swift in Sources */,
				792F7FF11CF128940056EC91 /* WishCreationPresenter.swift in Sources */,
				792F7FED1CF128770056EC91 /* ProfileViewController.swift in Sources */,
				792F7FF31CF128A00056EC91 /* WishCreationInteractor.swift in Sources */,
				792F7FEB1CF1286D0056EC91 /* ProfileProtocols.swift in Sources */,
				792F800B1CF142970056EC91 /* LoginConfigurator.swift in Sources */,
				792A33B81CF07A8D00A8C7FE /* LoginViewController.swift in Sources */,
				BBD513A51CF04E130096CB65 /* WishesCollectionViewCell.swift in Sources */,
				792F7FFD1CF128D90056EC91 /* WishListWireframe.swift in Sources */,
				792F7FFF1CF128E10056EC91 /* WishListProtocols.swift in Sources */,
				BBD513A01CF048480096CB65 /* UIDesign.swift in Sources */,
				792F7FE31CF127F30056EC91 /* LoginProtocols.swift in Sources */,
				792F7FE71CF1285A0056EC91 /* ProfilePresenter.swift in Sources */,
				792F7FE51CF128510056EC91 /* ProfileInteractor.swift in Sources */,
				792F7FF71CF128B70056EC91 /* WishCreationProtocols.swift in Sources */,
				791F02E41CF059A900719FF6 /* TabbarController.swift in Sources */,
				792F7FDD1CF127D00056EC91 /* LoginInteractor.swift in Sources */,
				79FC045E1CF190D600FE10E5 /* ImageHelper.swift in Sources */,
			);
			runOnlyForDeploymentPostprocessing = 0;
		};
		BBD513561CF03CFD0096CB65 /* Sources */ = {
			isa = PBXSourcesBuildPhase;
			buildActionMask = 2147483647;
			files = (
				BBD5135F1CF03CFD0096CB65 /* imagefyTests.swift in Sources */,
			);
			runOnlyForDeploymentPostprocessing = 0;
		};
		BBD513611CF03CFD0096CB65 /* Sources */ = {
			isa = PBXSourcesBuildPhase;
			buildActionMask = 2147483647;
			files = (
				BBD5136A1CF03CFD0096CB65 /* imagefyUITests.swift in Sources */,
			);
			runOnlyForDeploymentPostprocessing = 0;
		};
/* End PBXSourcesBuildPhase section */

/* Begin PBXTargetDependency section */
		BBD5135C1CF03CFD0096CB65 /* PBXTargetDependency */ = {
			isa = PBXTargetDependency;
			target = BBD513421CF03CF90096CB65 /* imagefy */;
			targetProxy = BBD5135B1CF03CFD0096CB65 /* PBXContainerItemProxy */;
		};
		BBD513671CF03CFD0096CB65 /* PBXTargetDependency */ = {
			isa = PBXTargetDependency;
			target = BBD513421CF03CF90096CB65 /* imagefy */;
			targetProxy = BBD513661CF03CFD0096CB65 /* PBXContainerItemProxy */;
		};
/* End PBXTargetDependency section */

/* Begin XCBuildConfiguration section */
		BBD5136C1CF03CFD0096CB65 /* Debug */ = {
			isa = XCBuildConfiguration;
			buildSettings = {
				ALWAYS_SEARCH_USER_PATHS = NO;
				CLANG_ANALYZER_NONNULL = YES;
				CLANG_CXX_LANGUAGE_STANDARD = "gnu++0x";
				CLANG_CXX_LIBRARY = "libc++";
				CLANG_ENABLE_MODULES = YES;
				CLANG_ENABLE_OBJC_ARC = YES;
				CLANG_WARN_BOOL_CONVERSION = YES;
				CLANG_WARN_CONSTANT_CONVERSION = YES;
				CLANG_WARN_DIRECT_OBJC_ISA_USAGE = YES_ERROR;
				CLANG_WARN_EMPTY_BODY = YES;
				CLANG_WARN_ENUM_CONVERSION = YES;
				CLANG_WARN_INT_CONVERSION = YES;
				CLANG_WARN_OBJC_ROOT_CLASS = YES_ERROR;
				CLANG_WARN_UNREACHABLE_CODE = YES;
				CLANG_WARN__DUPLICATE_METHOD_MATCH = YES;
				"CODE_SIGN_IDENTITY[sdk=iphoneos*]" = "iPhone Developer";
				COPY_PHASE_STRIP = NO;
				DEBUG_INFORMATION_FORMAT = dwarf;
				ENABLE_STRICT_OBJC_MSGSEND = YES;
				ENABLE_TESTABILITY = YES;
				GCC_C_LANGUAGE_STANDARD = gnu99;
				GCC_DYNAMIC_NO_PIC = NO;
				GCC_NO_COMMON_BLOCKS = YES;
				GCC_OPTIMIZATION_LEVEL = 0;
				GCC_PREPROCESSOR_DEFINITIONS = (
					"DEBUG=1",
					"$(inherited)",
				);
				GCC_WARN_64_TO_32_BIT_CONVERSION = YES;
				GCC_WARN_ABOUT_RETURN_TYPE = YES_ERROR;
				GCC_WARN_UNDECLARED_SELECTOR = YES;
				GCC_WARN_UNINITIALIZED_AUTOS = YES_AGGRESSIVE;
				GCC_WARN_UNUSED_FUNCTION = YES;
				GCC_WARN_UNUSED_VARIABLE = YES;
				IPHONEOS_DEPLOYMENT_TARGET = 9.3;
				MTL_ENABLE_DEBUG_INFO = YES;
				ONLY_ACTIVE_ARCH = YES;
				SDKROOT = iphoneos;
				SWIFT_OPTIMIZATION_LEVEL = "-Onone";
			};
			name = Debug;
		};
		BBD5136D1CF03CFD0096CB65 /* Release */ = {
			isa = XCBuildConfiguration;
			buildSettings = {
				ALWAYS_SEARCH_USER_PATHS = NO;
				CLANG_ANALYZER_NONNULL = YES;
				CLANG_CXX_LANGUAGE_STANDARD = "gnu++0x";
				CLANG_CXX_LIBRARY = "libc++";
				CLANG_ENABLE_MODULES = YES;
				CLANG_ENABLE_OBJC_ARC = YES;
				CLANG_WARN_BOOL_CONVERSION = YES;
				CLANG_WARN_CONSTANT_CONVERSION = YES;
				CLANG_WARN_DIRECT_OBJC_ISA_USAGE = YES_ERROR;
				CLANG_WARN_EMPTY_BODY = YES;
				CLANG_WARN_ENUM_CONVERSION = YES;
				CLANG_WARN_INT_CONVERSION = YES;
				CLANG_WARN_OBJC_ROOT_CLASS = YES_ERROR;
				CLANG_WARN_UNREACHABLE_CODE = YES;
				CLANG_WARN__DUPLICATE_METHOD_MATCH = YES;
				"CODE_SIGN_IDENTITY[sdk=iphoneos*]" = "iPhone Developer";
				COPY_PHASE_STRIP = NO;
				DEBUG_INFORMATION_FORMAT = "dwarf-with-dsym";
				ENABLE_NS_ASSERTIONS = NO;
				ENABLE_STRICT_OBJC_MSGSEND = YES;
				GCC_C_LANGUAGE_STANDARD = gnu99;
				GCC_NO_COMMON_BLOCKS = YES;
				GCC_WARN_64_TO_32_BIT_CONVERSION = YES;
				GCC_WARN_ABOUT_RETURN_TYPE = YES_ERROR;
				GCC_WARN_UNDECLARED_SELECTOR = YES;
				GCC_WARN_UNINITIALIZED_AUTOS = YES_AGGRESSIVE;
				GCC_WARN_UNUSED_FUNCTION = YES;
				GCC_WARN_UNUSED_VARIABLE = YES;
				IPHONEOS_DEPLOYMENT_TARGET = 9.3;
				MTL_ENABLE_DEBUG_INFO = NO;
				SDKROOT = iphoneos;
				VALIDATE_PRODUCT = YES;
			};
			name = Release;
		};
		BBD5136F1CF03CFD0096CB65 /* Debug */ = {
			isa = XCBuildConfiguration;
			baseConfigurationReference = 01428FC79C3D4673A1C036EE /* Pods-imagefy.debug.xcconfig */;
			buildSettings = {
				ASSETCATALOG_COMPILER_APPICON_NAME = AppIcon;
				CODE_SIGN_IDENTITY = "iPhone Developer";
				FRAMEWORK_SEARCH_PATHS = (
					"$(inherited)",
					"\"$PODS_CONFIGURATION_BUILD_DIR/Alamofire\"",
					"\"$PODS_CONFIGURATION_BUILD_DIR/IQKeyboardManagerSwift\"",
					"\"$PODS_CONFIGURATION_BUILD_DIR/Mobile-Buy-SDK\"",
					"\"$PODS_CONFIGURATION_BUILD_DIR/RNActivityView\"",
					"\"$PODS_CONFIGURATION_BUILD_DIR/SwiftyJSON\"",
					"\"$PODS_CONFIGURATION_BUILD_DIR/pop\"",
					"\"${PODS_ROOT}/Crashlytics/iOS\"",
					"\"${PODS_ROOT}/Fabric/iOS\"",
					"$(PROJECT_DIR)/imagefy/Supporting",
					Files/Libs,
					"$(PROJECT_DIR)/imagefy/Supporting",
					Files/Libs,
					/Users/Guilherme/Documents/FacebookSDK,
					"$(PROJECT_DIR)/imagefy/Supporting",
					Files/Libs,
				);
				INFOPLIST_FILE = "$(SRCROOT)/imagefy/Supporting Files/Info.plist";
				IPHONEOS_DEPLOYMENT_TARGET = 8.1;
				LD_RUNPATH_SEARCH_PATHS = "$(inherited) @executable_path/Frameworks";
				PRODUCT_BUNDLE_IDENTIFIER = com.vanhackathon.imagefy;
				PRODUCT_NAME = "$(TARGET_NAME)";
				SWIFT_OBJC_BRIDGING_HEADER = imagefy/Bridge.h;
			};
			name = Debug;
		};
		BBD513701CF03CFD0096CB65 /* Release */ = {
			isa = XCBuildConfiguration;
			baseConfigurationReference = C72AACDE0F73BE0E2B6E7ABA /* Pods-imagefy.release.xcconfig */;
			buildSettings = {
				ASSETCATALOG_COMPILER_APPICON_NAME = AppIcon;
				CODE_SIGN_IDENTITY = "iPhone Developer";
				FRAMEWORK_SEARCH_PATHS = (
					"$(inherited)",
					"\"$PODS_CONFIGURATION_BUILD_DIR/Alamofire\"",
					"\"$PODS_CONFIGURATION_BUILD_DIR/IQKeyboardManagerSwift\"",
					"\"$PODS_CONFIGURATION_BUILD_DIR/Mobile-Buy-SDK\"",
					"\"$PODS_CONFIGURATION_BUILD_DIR/RNActivityView\"",
					"\"$PODS_CONFIGURATION_BUILD_DIR/SwiftyJSON\"",
					"\"$PODS_CONFIGURATION_BUILD_DIR/pop\"",
					"\"${PODS_ROOT}/Crashlytics/iOS\"",
					"\"${PODS_ROOT}/Fabric/iOS\"",
					"$(PROJECT_DIR)/imagefy/Supporting",
					Files/Libs,
					"$(PROJECT_DIR)/imagefy/Supporting",
					Files/Libs,
					/Users/Guilherme/Documents/FacebookSDK,
					"$(PROJECT_DIR)/imagefy/Supporting",
					Files/Libs,
				);
				INFOPLIST_FILE = "$(SRCROOT)/imagefy/Supporting Files/Info.plist";
				IPHONEOS_DEPLOYMENT_TARGET = 8.1;
				LD_RUNPATH_SEARCH_PATHS = "$(inherited) @executable_path/Frameworks";
				PRODUCT_BUNDLE_IDENTIFIER = com.vanhackathon.imagefy;
				PRODUCT_NAME = "$(TARGET_NAME)";
				SWIFT_OBJC_BRIDGING_HEADER = imagefy/Bridge.h;
			};
			name = Release;
		};
		BBD513721CF03CFD0096CB65 /* Debug */ = {
			isa = XCBuildConfiguration;
			baseConfigurationReference = 514CF80F5081870D41759E1C /* Pods-imagefyTests.debug.xcconfig */;
			buildSettings = {
				BUNDLE_LOADER = "$(TEST_HOST)";
				INFOPLIST_FILE = imagefyTests/Info.plist;
				LD_RUNPATH_SEARCH_PATHS = "$(inherited) @executable_path/Frameworks @loader_path/Frameworks";
				PRODUCT_BUNDLE_IDENTIFIER = com.vanhackathon.imagefyTests;
				PRODUCT_NAME = "$(TARGET_NAME)";
				TEST_HOST = "$(BUILT_PRODUCTS_DIR)/imagefy.app/imagefy";
			};
			name = Debug;
		};
		BBD513731CF03CFD0096CB65 /* Release */ = {
			isa = XCBuildConfiguration;
			baseConfigurationReference = C95D1A697F102DBA8353ED0A /* Pods-imagefyTests.release.xcconfig */;
			buildSettings = {
				BUNDLE_LOADER = "$(TEST_HOST)";
				INFOPLIST_FILE = imagefyTests/Info.plist;
				LD_RUNPATH_SEARCH_PATHS = "$(inherited) @executable_path/Frameworks @loader_path/Frameworks";
				PRODUCT_BUNDLE_IDENTIFIER = com.vanhackathon.imagefyTests;
				PRODUCT_NAME = "$(TARGET_NAME)";
				TEST_HOST = "$(BUILT_PRODUCTS_DIR)/imagefy.app/imagefy";
			};
			name = Release;
		};
		BBD513751CF03CFD0096CB65 /* Debug */ = {
			isa = XCBuildConfiguration;
			baseConfigurationReference = 8FE091635C517DE174C08A45 /* Pods-imagefyUITests.debug.xcconfig */;
			buildSettings = {
				INFOPLIST_FILE = imagefyUITests/Info.plist;
				LD_RUNPATH_SEARCH_PATHS = "$(inherited) @executable_path/Frameworks @loader_path/Frameworks";
				PRODUCT_BUNDLE_IDENTIFIER = com.vanhackathon.imagefyUITests;
				PRODUCT_NAME = "$(TARGET_NAME)";
				TEST_TARGET_NAME = imagefy;
			};
			name = Debug;
		};
		BBD513761CF03CFD0096CB65 /* Release */ = {
			isa = XCBuildConfiguration;
			baseConfigurationReference = 1121B5378564248806911F1D /* Pods-imagefyUITests.release.xcconfig */;
			buildSettings = {
				INFOPLIST_FILE = imagefyUITests/Info.plist;
				LD_RUNPATH_SEARCH_PATHS = "$(inherited) @executable_path/Frameworks @loader_path/Frameworks";
				PRODUCT_BUNDLE_IDENTIFIER = com.vanhackathon.imagefyUITests;
				PRODUCT_NAME = "$(TARGET_NAME)";
				TEST_TARGET_NAME = imagefy;
			};
			name = Release;
		};
/* End XCBuildConfiguration section */

/* Begin XCConfigurationList section */
		BBD5133E1CF03CF90096CB65 /* Build configuration list for PBXProject "imagefy" */ = {
			isa = XCConfigurationList;
			buildConfigurations = (
				BBD5136C1CF03CFD0096CB65 /* Debug */,
				BBD5136D1CF03CFD0096CB65 /* Release */,
			);
			defaultConfigurationIsVisible = 0;
			defaultConfigurationName = Release;
		};
		BBD5136E1CF03CFD0096CB65 /* Build configuration list for PBXNativeTarget "imagefy" */ = {
			isa = XCConfigurationList;
			buildConfigurations = (
				BBD5136F1CF03CFD0096CB65 /* Debug */,
				BBD513701CF03CFD0096CB65 /* Release */,
			);
			defaultConfigurationIsVisible = 0;
			defaultConfigurationName = Release;
		};
		BBD513711CF03CFD0096CB65 /* Build configuration list for PBXNativeTarget "imagefyTests" */ = {
			isa = XCConfigurationList;
			buildConfigurations = (
				BBD513721CF03CFD0096CB65 /* Debug */,
				BBD513731CF03CFD0096CB65 /* Release */,
			);
			defaultConfigurationIsVisible = 0;
			defaultConfigurationName = Release;
		};
		BBD513741CF03CFD0096CB65 /* Build configuration list for PBXNativeTarget "imagefyUITests" */ = {
			isa = XCConfigurationList;
			buildConfigurations = (
				BBD513751CF03CFD0096CB65 /* Debug */,
				BBD513761CF03CFD0096CB65 /* Release */,
			);
			defaultConfigurationIsVisible = 0;
			defaultConfigurationName = Release;
		};
/* End XCConfigurationList section */

/* Begin XCVersionGroup section */
		BBD5137E1CF042200096CB65 /* imagefy.xcdatamodeld */ = {
			isa = XCVersionGroup;
			children = (
				BBD5137F1CF042200096CB65 /* imagefy.xcdatamodel */,
			);
			currentVersion = BBD5137F1CF042200096CB65 /* imagefy.xcdatamodel */;
			path = imagefy.xcdatamodeld;
			sourceTree = "<group>";
			versionGroupType = wrapper.xcdatamodel;
		};
/* End XCVersionGroup section */
	};
	rootObject = BBD5133B1CF03CF90096CB65 /* Project object */;
}
